// !$*UTF8*$!
{
	archiveVersion = 1;
	classes = {
	};
	objectVersion = 46;
	objects = {

/* Begin PBXBuildFile section */
		6E6EF9A31D51EE380064DFE0 /* Resource.h in Headers */ = {isa = PBXBuildFile; fileRef = 6E6EF9A21D51EE380064DFE0 /* Resource.h */; settings = {ATTRIBUTES = (Public, ); }; };
		6E6EF9AA1D51EE380064DFE0 /* Resource.framework in Frameworks */ = {isa = PBXBuildFile; fileRef = 6E6EF99F1D51EE380064DFE0 /* Resource.framework */; };
		6E6EF9AF1D51EE380064DFE0 /* ResourceTests.swift in Sources */ = {isa = PBXBuildFile; fileRef = 6E6EF9AE1D51EE380064DFE0 /* ResourceTests.swift */; };
		6E6EF9BA1D51EE770064DFE0 /* Resource.swift in Sources */ = {isa = PBXBuildFile; fileRef = 6E6EF9B91D51EE770064DFE0 /* Resource.swift */; };
		6E6EF9BC1D51F57B0064DFE0 /* HTTPMethod.swift in Sources */ = {isa = PBXBuildFile; fileRef = 6E6EF9BB1D51F57B0064DFE0 /* HTTPMethod.swift */; };
		F5D0955AF4101479048B2573 /* Pods.framework in Frameworks */ = {isa = PBXBuildFile; fileRef = 439254663033D53512322183 /* Pods.framework */; };
/* End PBXBuildFile section */

/* Begin PBXContainerItemProxy section */
		6E6EF9AB1D51EE380064DFE0 /* PBXContainerItemProxy */ = {
			isa = PBXContainerItemProxy;
			containerPortal = 6E6EF9961D51EE370064DFE0 /* Project object */;
			proxyType = 1;
			remoteGlobalIDString = 6E6EF99E1D51EE380064DFE0;
			remoteInfo = Resource;
		};
/* End PBXContainerItemProxy section */

/* Begin PBXFileReference section */
		1FA6CF6FD9573651EA6FD42F /* Pods.release.xcconfig */ = {isa = PBXFileReference; includeInIndex = 1; lastKnownFileType = text.xcconfig; name = Pods.release.xcconfig; path = "Pods/Target Support Files/Pods/Pods.release.xcconfig"; sourceTree = "<group>"; };
		439254663033D53512322183 /* Pods.framework */ = {isa = PBXFileReference; explicitFileType = wrapper.framework; includeInIndex = 0; path = Pods.framework; sourceTree = BUILT_PRODUCTS_DIR; };
		6E6EF99F1D51EE380064DFE0 /* Resource.framework */ = {isa = PBXFileReference; explicitFileType = wrapper.framework; includeInIndex = 0; path = Resource.framework; sourceTree = BUILT_PRODUCTS_DIR; };
		6E6EF9A21D51EE380064DFE0 /* Resource.h */ = {isa = PBXFileReference; lastKnownFileType = sourcecode.c.h; path = Resource.h; sourceTree = "<group>"; };
		6E6EF9A41D51EE380064DFE0 /* Info.plist */ = {isa = PBXFileReference; lastKnownFileType = text.plist.xml; path = Info.plist; sourceTree = "<group>"; };
		6E6EF9A91D51EE380064DFE0 /* ResourceTests.xctest */ = {isa = PBXFileReference; explicitFileType = wrapper.cfbundle; includeInIndex = 0; path = ResourceTests.xctest; sourceTree = BUILT_PRODUCTS_DIR; };
		6E6EF9AE1D51EE380064DFE0 /* ResourceTests.swift */ = {isa = PBXFileReference; lastKnownFileType = sourcecode.swift; path = ResourceTests.swift; sourceTree = "<group>"; };
		6E6EF9B01D51EE380064DFE0 /* Info.plist */ = {isa = PBXFileReference; lastKnownFileType = text.plist.xml; path = Info.plist; sourceTree = "<group>"; };
		6E6EF9B91D51EE770064DFE0 /* Resource.swift */ = {isa = PBXFileReference; fileEncoding = 4; lastKnownFileType = sourcecode.swift; path = Resource.swift; sourceTree = "<group>"; };
		6E6EF9BB1D51F57B0064DFE0 /* HTTPMethod.swift */ = {isa = PBXFileReference; fileEncoding = 4; lastKnownFileType = sourcecode.swift; path = HTTPMethod.swift; sourceTree = "<group>"; };
		D55438DED2D283B0FB67E9EE /* Pods.debug.xcconfig */ = {isa = PBXFileReference; includeInIndex = 1; lastKnownFileType = text.xcconfig; name = Pods.debug.xcconfig; path = "Pods/Target Support Files/Pods/Pods.debug.xcconfig"; sourceTree = "<group>"; };
/* End PBXFileReference section */

/* Begin PBXFrameworksBuildPhase section */
		6E6EF99B1D51EE380064DFE0 /* Frameworks */ = {
			isa = PBXFrameworksBuildPhase;
			buildActionMask = 2147483647;
			files = (
				F5D0955AF4101479048B2573 /* Pods.framework in Frameworks */,
			);
			runOnlyForDeploymentPostprocessing = 0;
		};
		6E6EF9A61D51EE380064DFE0 /* Frameworks */ = {
			isa = PBXFrameworksBuildPhase;
			buildActionMask = 2147483647;
			files = (
				6E6EF9AA1D51EE380064DFE0 /* Resource.framework in Frameworks */,
			);
			runOnlyForDeploymentPostprocessing = 0;
		};
/* End PBXFrameworksBuildPhase section */

/* Begin PBXGroup section */
		6E6EF9951D51EE370064DFE0 = {
			isa = PBXGroup;
			children = (
				6E6EF9A11D51EE380064DFE0 /* Resource */,
				6E6EF9AD1D51EE380064DFE0 /* ResourceTests */,
				6E6EF9A01D51EE380064DFE0 /* Products */,
				EAF12ED688B91487135FFCA8 /* Pods */,
				EEA7A3F5C713591606BD6E9C /* Frameworks */,
			);
			sourceTree = "<group>";
		};
		6E6EF9A01D51EE380064DFE0 /* Products */ = {
			isa = PBXGroup;
			children = (
				6E6EF99F1D51EE380064DFE0 /* Resource.framework */,
				6E6EF9A91D51EE380064DFE0 /* ResourceTests.xctest */,
			);
			name = Products;
			sourceTree = "<group>";
		};
		6E6EF9A11D51EE380064DFE0 /* Resource */ = {
			isa = PBXGroup;
			children = (
				6E6EF9A21D51EE380064DFE0 /* Resource.h */,
				6E6EF9A41D51EE380064DFE0 /* Info.plist */,
				6E6EF9B91D51EE770064DFE0 /* Resource.swift */,
				6E6EF9BB1D51F57B0064DFE0 /* HTTPMethod.swift */,
			);
			path = Resource;
			sourceTree = "<group>";
		};
		6E6EF9AD1D51EE380064DFE0 /* ResourceTests */ = {
			isa = PBXGroup;
			children = (
				6E6EF9AE1D51EE380064DFE0 /* ResourceTests.swift */,
				6E6EF9B01D51EE380064DFE0 /* Info.plist */,
			);
			path = ResourceTests;
			sourceTree = "<group>";
		};
		EAF12ED688B91487135FFCA8 /* Pods */ = {
			isa = PBXGroup;
			children = (
				D55438DED2D283B0FB67E9EE /* Pods.debug.xcconfig */,
				1FA6CF6FD9573651EA6FD42F /* Pods.release.xcconfig */,
			);
			name = Pods;
			sourceTree = "<group>";
		};
		EEA7A3F5C713591606BD6E9C /* Frameworks */ = {
			isa = PBXGroup;
			children = (
				439254663033D53512322183 /* Pods.framework */,
			);
			name = Frameworks;
			sourceTree = "<group>";
		};
/* End PBXGroup section */

/* Begin PBXHeadersBuildPhase section */
		6E6EF99C1D51EE380064DFE0 /* Headers */ = {
			isa = PBXHeadersBuildPhase;
			buildActionMask = 2147483647;
			files = (
				6E6EF9A31D51EE380064DFE0 /* Resource.h in Headers */,
			);
			runOnlyForDeploymentPostprocessing = 0;
		};
/* End PBXHeadersBuildPhase section */

/* Begin PBXNativeTarget section */
		6E6EF99E1D51EE380064DFE0 /* Resource */ = {
			isa = PBXNativeTarget;
			buildConfigurationList = 6E6EF9B31D51EE380064DFE0 /* Build configuration list for PBXNativeTarget "Resource" */;
			buildPhases = (
				4087AE1AD3551B56E5FFF3CA /* Check Pods Manifest.lock */,
				6E6EF99A1D51EE380064DFE0 /* Sources */,
				6E6EF99B1D51EE380064DFE0 /* Frameworks */,
				6E6EF99C1D51EE380064DFE0 /* Headers */,
				6E6EF99D1D51EE380064DFE0 /* Resources */,
				73326F409CB2E34A9099D1BF /* Copy Pods Resources */,
			);
			buildRules = (
			);
			dependencies = (
			);
			name = Resource;
			productName = Resource;
			productReference = 6E6EF99F1D51EE380064DFE0 /* Resource.framework */;
			productType = "com.apple.product-type.framework";
		};
		6E6EF9A81D51EE380064DFE0 /* ResourceTests */ = {
			isa = PBXNativeTarget;
			buildConfigurationList = 6E6EF9B61D51EE380064DFE0 /* Build configuration list for PBXNativeTarget "ResourceTests" */;
			buildPhases = (
				6E6EF9A51D51EE380064DFE0 /* Sources */,
				6E6EF9A61D51EE380064DFE0 /* Frameworks */,
				6E6EF9A71D51EE380064DFE0 /* Resources */,
			);
			buildRules = (
			);
			dependencies = (
				6E6EF9AC1D51EE380064DFE0 /* PBXTargetDependency */,
			);
			name = ResourceTests;
			productName = ResourceTests;
			productReference = 6E6EF9A91D51EE380064DFE0 /* ResourceTests.xctest */;
			productType = "com.apple.product-type.bundle.unit-test";
		};
/* End PBXNativeTarget section */

/* Begin PBXProject section */
		6E6EF9961D51EE370064DFE0 /* Project object */ = {
			isa = PBXProject;
			attributes = {
				LastSwiftUpdateCheck = 0730;
				LastUpgradeCheck = 0730;
				ORGANIZATIONNAME = Manythings;
				TargetAttributes = {
					6E6EF99E1D51EE380064DFE0 = {
						CreatedOnToolsVersion = 7.3.1;
					};
					6E6EF9A81D51EE380064DFE0 = {
						CreatedOnToolsVersion = 7.3.1;
					};
				};
			};
			buildConfigurationList = 6E6EF9991D51EE370064DFE0 /* Build configuration list for PBXProject "Resource" */;
			compatibilityVersion = "Xcode 3.2";
			developmentRegion = English;
			hasScannedForEncodings = 0;
			knownRegions = (
				en,
			);
			mainGroup = 6E6EF9951D51EE370064DFE0;
			productRefGroup = 6E6EF9A01D51EE380064DFE0 /* Products */;
			projectDirPath = "";
			projectRoot = "";
			targets = (
				6E6EF99E1D51EE380064DFE0 /* Resource */,
				6E6EF9A81D51EE380064DFE0 /* ResourceTests */,
			);
		};
/* End PBXProject section */

/* Begin PBXResourcesBuildPhase section */
		6E6EF99D1D51EE380064DFE0 /* Resources */ = {
			isa = PBXResourcesBuildPhase;
			buildActionMask = 2147483647;
			files = (
			);
			runOnlyForDeploymentPostprocessing = 0;
		};
		6E6EF9A71D51EE380064DFE0 /* Resources */ = {
			isa = PBXResourcesBuildPhase;
			buildActionMask = 2147483647;
			files = (
			);
			runOnlyForDeploymentPostprocessing = 0;
		};
/* End PBXResourcesBuildPhase section */

/* Begin PBXShellScriptBuildPhase section */
		4087AE1AD3551B56E5FFF3CA /* Check Pods Manifest.lock */ = {
			isa = PBXShellScriptBuildPhase;
			buildActionMask = 2147483647;
			files = (
			);
			inputPaths = (
			);
			name = "Check Pods Manifest.lock";
			outputPaths = (
			);
			runOnlyForDeploymentPostprocessing = 0;
			shellPath = /bin/sh;
			shellScript = "diff \"${PODS_ROOT}/../Podfile.lock\" \"${PODS_ROOT}/Manifest.lock\" > /dev/null\nif [[ $? != 0 ]] ; then\n    cat << EOM\nerror: The sandbox is not in sync with the Podfile.lock. Run 'pod install' or update your CocoaPods installation.\nEOM\n    exit 1\nfi\n";
			showEnvVarsInLog = 0;
		};
		73326F409CB2E34A9099D1BF /* Copy Pods Resources */ = {
			isa = PBXShellScriptBuildPhase;
			buildActionMask = 2147483647;
			files = (
			);
			inputPaths = (
			);
			name = "Copy Pods Resources";
			outputPaths = (
			);
			runOnlyForDeploymentPostprocessing = 0;
			shellPath = /bin/sh;
			shellScript = "\"${SRCROOT}/Pods/Target Support Files/Pods/Pods-resources.sh\"\n";
			showEnvVarsInLog = 0;
		};
/* End PBXShellScriptBuildPhase section */

/* Begin PBXSourcesBuildPhase section */
		6E6EF99A1D51EE380064DFE0 /* Sources */ = {
			isa = PBXSourcesBuildPhase;
			buildActionMask = 2147483647;
			files = (
				6E6EF9BC1D51F57B0064DFE0 /* HTTPMethod.swift in Sources */,
				6E6EF9BA1D51EE770064DFE0 /* Resource.swift in Sources */,
			);
			runOnlyForDeploymentPostprocessing = 0;
		};
		6E6EF9A51D51EE380064DFE0 /* Sources */ = {
			isa = PBXSourcesBuildPhase;
			buildActionMask = 2147483647;
			files = (
				6E6EF9AF1D51EE380064DFE0 /* ResourceTests.swift in Sources */,
			);
			runOnlyForDeploymentPostprocessing = 0;
		};
/* End PBXSourcesBuildPhase section */

/* Begin PBXTargetDependency section */
		6E6EF9AC1D51EE380064DFE0 /* PBXTargetDependency */ = {
			isa = PBXTargetDependency;
			target = 6E6EF99E1D51EE380064DFE0 /* Resource */;
			targetProxy = 6E6EF9AB1D51EE380064DFE0 /* PBXContainerItemProxy */;
		};
/* End PBXTargetDependency section */

/* Begin XCBuildConfiguration section */
		6E6EF9B11D51EE380064DFE0 /* Debug */ = {
			isa = XCBuildConfiguration;
			buildSettings = {
				ALWAYS_SEARCH_USER_PATHS = NO;
				CLANG_ANALYZER_NONNULL = YES;
				CLANG_CXX_LANGUAGE_STANDARD = "gnu++0x";
				CLANG_CXX_LIBRARY = "libc++";
				CLANG_ENABLE_MODULES = YES;
				CLANG_ENABLE_OBJC_ARC = YES;
				CLANG_WARN_BOOL_CONVERSION = YES;
				CLANG_WARN_CONSTANT_CONVERSION = YES;
				CLANG_WARN_DIRECT_OBJC_ISA_USAGE = YES_ERROR;
				CLANG_WARN_EMPTY_BODY = YES;
				CLANG_WARN_ENUM_CONVERSION = YES;
				CLANG_WARN_INT_CONVERSION = YES;
				CLANG_WARN_OBJC_ROOT_CLASS = YES_ERROR;
				CLANG_WARN_UNREACHABLE_CODE = YES;
				CLANG_WARN__DUPLICATE_METHOD_MATCH = YES;
				"CODE_SIGN_IDENTITY[sdk=iphoneos*]" = "iPhone Developer";
				COPY_PHASE_STRIP = NO;
				CURRENT_PROJECT_VERSION = 1;
				DEBUG_INFORMATION_FORMAT = dwarf;
				ENABLE_STRICT_OBJC_MSGSEND = YES;
				ENABLE_TESTABILITY = YES;
				GCC_C_LANGUAGE_STANDARD = gnu99;
				GCC_DYNAMIC_NO_PIC = NO;
				GCC_NO_COMMON_BLOCKS = YES;
				GCC_OPTIMIZATION_LEVEL = 0;
				GCC_PREPROCESSOR_DEFINITIONS = (
					"DEBUG=1",
					"$(inherited)",
				);
				GCC_WARN_64_TO_32_BIT_CONVERSION = YES;
				GCC_WARN_ABOUT_RETURN_TYPE = YES_ERROR;
				GCC_WARN_UNDECLARED_SELECTOR = YES;
				GCC_WARN_UNINITIALIZED_AUTOS = YES_AGGRESSIVE;
				GCC_WARN_UNUSED_FUNCTION = YES;
				GCC_WARN_UNUSED_VARIABLE = YES;
				IPHONEOS_DEPLOYMENT_TARGET = 9.3;
				MTL_ENABLE_DEBUG_INFO = YES;
				ONLY_ACTIVE_ARCH = YES;
				SDKROOT = iphoneos;
				SWIFT_OPTIMIZATION_LEVEL = "-Onone";
				TARGETED_DEVICE_FAMILY = "1,2";
				VERSIONING_SYSTEM = "apple-generic";
				VERSION_INFO_PREFIX = "";
			};
			name = Debug;
		};
		6E6EF9B21D51EE380064DFE0 /* Release */ = {
			isa = XCBuildConfiguration;
			buildSettings = {
				ALWAYS_SEARCH_USER_PATHS = NO;
				CLANG_ANALYZER_NONNULL = YES;
				CLANG_CXX_LANGUAGE_STANDARD = "gnu++0x";
				CLANG_CXX_LIBRARY = "libc++";
				CLANG_ENABLE_MODULES = YES;
				CLANG_ENABLE_OBJC_ARC = YES;
				CLANG_WARN_BOOL_CONVERSION = YES;
				CLANG_WARN_CONSTANT_CONVERSION = YES;
				CLANG_WARN_DIRECT_OBJC_ISA_USAGE = YES_ERROR;
				CLANG_WARN_EMPTY_BODY = YES;
				CLANG_WARN_ENUM_CONVERSION = YES;
				CLANG_WARN_INT_CONVERSION = YES;
				CLANG_WARN_OBJC_ROOT_CLASS = YES_ERROR;
				CLANG_WARN_UNREACHABLE_CODE = YES;
				CLANG_WARN__DUPLICATE_METHOD_MATCH = YES;
				"CODE_SIGN_IDENTITY[sdk=iphoneos*]" = "iPhone Developer";
				COPY_PHASE_STRIP = NO;
				CURRENT_PROJECT_VERSION = 1;
				DEBUG_INFORMATION_FORMAT = "dwarf-with-dsym";
				ENABLE_NS_ASSERTIONS = NO;
				ENABLE_STRICT_OBJC_MSGSEND = YES;
				GCC_C_LANGUAGE_STANDARD = gnu99;
				GCC_NO_COMMON_BLOCKS = YES;
				GCC_WARN_64_TO_32_BIT_CONVERSION = YES;
				GCC_WARN_ABOUT_RETURN_TYPE = YES_ERROR;
				GCC_WARN_UNDECLARED_SELECTOR = YES;
				GCC_WARN_UNINITIALIZED_AUTOS = YES_AGGRESSIVE;
				GCC_WARN_UNUSED_FUNCTION = YES;
				GCC_WARN_UNUSED_VARIABLE = YES;
				IPHONEOS_DEPLOYMENT_TARGET = 9.3;
				MTL_ENABLE_DEBUG_INFO = NO;
				SDKROOT = iphoneos;
				TARGETED_DEVICE_FAMILY = "1,2";
				VALIDATE_PRODUCT = YES;
				VERSIONING_SYSTEM = "apple-generic";
				VERSION_INFO_PREFIX = "";
			};
			name = Release;
		};
		6E6EF9B41D51EE380064DFE0 /* Debug */ = {
			isa = XCBuildConfiguration;
			baseConfigurationReference = D55438DED2D283B0FB67E9EE /* Pods.debug.xcconfig */;
			buildSettings = {
				CLANG_ENABLE_MODULES = YES;
				DEFINES_MODULE = YES;
				DYLIB_COMPATIBILITY_VERSION = 1;
				DYLIB_CURRENT_VERSION = 1;
				DYLIB_INSTALL_NAME_BASE = "@rpath";
				INFOPLIST_FILE = Resource/Info.plist;
				INSTALL_PATH = "$(LOCAL_LIBRARY_DIR)/Frameworks";
				LD_RUNPATH_SEARCH_PATHS = "$(inherited) @executable_path/Frameworks @loader_path/Frameworks";
				PRODUCT_BUNDLE_IDENTIFIER = io.manythings.Resource;
				PRODUCT_NAME = "$(TARGET_NAME)";
				SKIP_INSTALL = YES;
				SWIFT_OPTIMIZATION_LEVEL = "-Onone";
			};
			name = Debug;
		};
		6E6EF9B51D51EE380064DFE0 /* Release */ = {
			isa = XCBuildConfiguration;
			baseConfigurationReference = 1FA6CF6FD9573651EA6FD42F /* Pods.release.xcconfig */;
			buildSettings = {
				CLANG_ENABLE_MODULES = YES;
				DEFINES_MODULE = YES;
				DYLIB_COMPATIBILITY_VERSION = 1;
				DYLIB_CURRENT_VERSION = 1;
				DYLIB_INSTALL_NAME_BASE = "@rpath";
				INFOPLIST_FILE = Resource/Info.plist;
				INSTALL_PATH = "$(LOCAL_LIBRARY_DIR)/Frameworks";
				LD_RUNPATH_SEARCH_PATHS = "$(inherited) @executable_path/Frameworks @loader_path/Frameworks";
				PRODUCT_BUNDLE_IDENTIFIER = io.manythings.Resource;
				PRODUCT_NAME = "$(TARGET_NAME)";
				SKIP_INSTALL = YES;
			};
			name = Release;
		};
		6E6EF9B71D51EE380064DFE0 /* Debug */ = {
			isa = XCBuildConfiguration;
			buildSettings = {
				INFOPLIST_FILE = ResourceTests/Info.plist;
				LD_RUNPATH_SEARCH_PATHS = "$(inherited) @executable_path/Frameworks @loader_path/Frameworks";
				PRODUCT_BUNDLE_IDENTIFIER = io.manythings.ResourceTests;
				PRODUCT_NAME = "$(TARGET_NAME)";
			};
			name = Debug;
		};
		6E6EF9B81D51EE380064DFE0 /* Release */ = {
			isa = XCBuildConfiguration;
			buildSettings = {
				INFOPLIST_FILE = ResourceTests/Info.plist;
				LD_RUNPATH_SEARCH_PATHS = "$(inherited) @executable_path/Frameworks @loader_path/Frameworks";
				PRODUCT_BUNDLE_IDENTIFIER = io.manythings.ResourceTests;
				PRODUCT_NAME = "$(TARGET_NAME)";
			};
			name = Release;
		};
/* End XCBuildConfiguration section */

/* Begin XCConfigurationList section */
		6E6EF9991D51EE370064DFE0 /* Build configuration list for PBXProject "Resource" */ = {
			isa = XCConfigurationList;
			buildConfigurations = (
				6E6EF9B11D51EE380064DFE0 /* Debug */,
				6E6EF9B21D51EE380064DFE0 /* Release */,
			);
			defaultConfigurationIsVisible = 0;
			defaultConfigurationName = Release;
		};
		6E6EF9B31D51EE380064DFE0 /* Build configuration list for PBXNativeTarget "Resource" */ = {
			isa = XCConfigurationList;
			buildConfigurations = (
				6E6EF9B41D51EE380064DFE0 /* Debug */,
				6E6EF9B51D51EE380064DFE0 /* Release */,
			);
			defaultConfigurationIsVisible = 0;
			defaultConfigurationName = Release;
		};
		6E6EF9B61D51EE380064DFE0 /* Build configuration list for PBXNativeTarget "ResourceTests" */ = {
			isa = XCConfigurationList;
			buildConfigurations = (
				6E6EF9B71D51EE380064DFE0 /* Debug */,
				6E6EF9B81D51EE380064DFE0 /* Release */,
			);
			defaultConfigurationIsVisible = 0;
			defaultConfigurationName = Release;
		};
/* End XCConfigurationList section */
	};
	rootObject = 6E6EF9961D51EE370064DFE0 /* Project object */;
}
